
Microsoft Visual Studio Solution File, Format Version 12.00
# Visual Studio 2012
Project("{FAE04EC0-301F-11D3-BF4B-00C04F79EFBC}") = "CameraViewControllerExample", "CameraViewControllerExample.csproj", "{CC3082EC-5C83-4AF8-90B4-3F633373C257}"
EndProject
Global
	GlobalSection(SolutionConfigurationPlatforms) = preSolution
		Debug|iPhoneSimulator = Debug|iPhoneSimulator
		Release|iPhone = Release|iPhone
		Release|iPhoneSimulator = Release|iPhoneSimulator
		Debug|iPhone = Debug|iPhone
	EndGlobalSection
	GlobalSection(ProjectConfigurationPlatforms) = postSolution
		{CC3082EC-5C83-4AF8-90B4-3F633373C257}.Debug|iPhoneSimulator.ActiveCfg = Debug|iPhoneSimulator
		{CC3082EC-5C83-4AF8-90B4-3F633373C257}.Debug|iPhoneSimulator.Build.0 = Debug|iPhoneSimulator
		{CC3082EC-5C83-4AF8-90B4-3F633373C257}.Release|iPhone.ActiveCfg = Release|iPhone
		{CC3082EC-5C83-4AF8-90B4-3F633373C257}.Release|iPhone.Build.0 = Release|iPhone
		{CC3082EC-5C83-4AF8-90B4-3F633373C257}.Release|iPhoneSimulator.ActiveCfg = Release|iPhoneSimulator
		{CC3082EC-5C83-4AF8-90B4-3F633373C257}.Release|iPhoneSimulator.Build.0 = Release|iPhoneSimulator
		{CC3082EC-5C83-4AF8-90B4-3F633373C257}.Debug|iPhone.ActiveCfg = Debug|iPhone
		{CC3082EC-5C83-4AF8-90B4-3F633373C257}.Debug|iPhone.Build.0 = Debug|iPhone
	EndGlobalSection
EndGlobal
