
Microsoft Visual Studio Solution File, Format Version 12.00
# Visual Studio 15
VisualStudioVersion = 15.0.26430.12
MinimumVisualStudioVersion = 10.0.40219.1
Project("{FAE04EC0-301F-11D3-BF4B-00C04F79EFBC}") = "Xamarin.iOS.CameraViewController", "Xamarin.iOS.CameraViewController/Xamarin.iOS.CameraViewController.csproj", "{BEF56035-1B42-4BE8-8BDC-7B6DDB40E115}"
EndProject
Global
	GlobalSection(SolutionConfigurationPlatforms) = preSolution
		Debug|Any CPU = Debug|Any CPU
		Release|Any CPU = Release|Any CPU
	EndGlobalSection
	GlobalSection(ProjectConfigurationPlatforms) = postSolution
		{BEF56035-1B42-4BE8-8BDC-7B6DDB40E115}.Debug|Any CPU.ActiveCfg = Debug|Any CPU
		{BEF56035-1B42-4BE8-8BDC-7B6DDB40E115}.Debug|Any CPU.Build.0 = Debug|Any CPU
		{BEF56035-1B42-4BE8-8BDC-7B6DDB40E115}.Release|Any CPU.ActiveCfg = Release|Any CPU
		{BEF56035-1B42-4BE8-8BDC-7B6DDB40E115}.Release|Any CPU.Build.0 = Release|Any CPU
	EndGlobalSection
	GlobalSection(SolutionProperties) = preSolution
		HideSolutionNode = FALSE
	EndGlobalSection
EndGlobal
